// !$*UTF8*$!
{
	archiveVersion = 1;
	classes = {
	};
	objectVersion = 50;
	objects = {

/* Begin PBXBuildFile section */
		C1ECB4DA23FC3A10000B931F /* AppDelegate.swift in Sources */ = {isa = PBXBuildFile; fileRef = C1ECB4D923FC3A10000B931F /* AppDelegate.swift */; };
		C1ECB4DC23FC3A10000B931F /* SceneDelegate.swift in Sources */ = {isa = PBXBuildFile; fileRef = C1ECB4DB23FC3A10000B931F /* SceneDelegate.swift */; };
		C1ECB4DE23FC3A10000B931F /* ViewController.swift in Sources */ = {isa = PBXBuildFile; fileRef = C1ECB4DD23FC3A10000B931F /* ViewController.swift */; };
		C1ECB4E123FC3A10000B931F /* Main.storyboard in Resources */ = {isa = PBXBuildFile; fileRef = C1ECB4DF23FC3A10000B931F /* Main.storyboard */; };
		C1ECB4E323FC3A12000B931F /* Assets.xcassets in Resources */ = {isa = PBXBuildFile; fileRef = C1ECB4E223FC3A12000B931F /* Assets.xcassets */; };
		C1ECB4E623FC3A12000B931F /* LaunchScreen.storyboard in Resources */ = {isa = PBXBuildFile; fileRef = C1ECB4E423FC3A12000B931F /* LaunchScreen.storyboard */; };
		C1ECB4F123FC3A12000B931F /* HeroesTests.swift in Sources */ = {isa = PBXBuildFile; fileRef = C1ECB4F023FC3A12000B931F /* HeroesTests.swift */; };
/* End PBXBuildFile section */

/* Begin PBXContainerItemProxy section */
		C1ECB4ED23FC3A12000B931F /* PBXContainerItemProxy */ = {
			isa = PBXContainerItemProxy;
			containerPortal = C1ECB4CE23FC3A10000B931F /* Project object */;
			proxyType = 1;
			remoteGlobalIDString = C1ECB4D523FC3A10000B931F;
			remoteInfo = Heroes;
		};
/* End PBXContainerItemProxy section */

/* Begin PBXFileReference section */
		C1ECB4D623FC3A10000B931F /* Heroes.app */ = {isa = PBXFileReference; explicitFileType = wrapper.application; includeInIndex = 0; path = Heroes.app; sourceTree = BUILT_PRODUCTS_DIR; };
		C1ECB4D923FC3A10000B931F /* AppDelegate.swift */ = {isa = PBXFileReference; lastKnownFileType = sourcecode.swift; path = AppDelegate.swift; sourceTree = "<group>"; };
		C1ECB4DB23FC3A10000B931F /* SceneDelegate.swift */ = {isa = PBXFileReference; lastKnownFileType = sourcecode.swift; path = SceneDelegate.swift; sourceTree = "<group>"; };
		C1ECB4DD23FC3A10000B931F /* ViewController.swift */ = {isa = PBXFileReference; lastKnownFileType = sourcecode.swift; path = ViewController.swift; sourceTree = "<group>"; };
		C1ECB4E023FC3A10000B931F /* Base */ = {isa = PBXFileReference; lastKnownFileType = file.storyboard; name = Base; path = Base.lproj/Main.storyboard; sourceTree = "<group>"; };
		C1ECB4E223FC3A12000B931F /* Assets.xcassets */ = {isa = PBXFileReference; lastKnownFileType = folder.assetcatalog; path = Assets.xcassets; sourceTree = "<group>"; };
		C1ECB4E523FC3A12000B931F /* Base */ = {isa = PBXFileReference; lastKnownFileType = file.storyboard; name = Base; path = Base.lproj/LaunchScreen.storyboard; sourceTree = "<group>"; };
		C1ECB4E723FC3A12000B931F /* Info.plist */ = {isa = PBXFileReference; lastKnownFileType = text.plist.xml; path = Info.plist; sourceTree = "<group>"; };
		C1ECB4EC23FC3A12000B931F /* HeroesTests.xctest */ = {isa = PBXFileReference; explicitFileType = wrapper.cfbundle; includeInIndex = 0; path = HeroesTests.xctest; sourceTree = BUILT_PRODUCTS_DIR; };
		C1ECB4F023FC3A12000B931F /* HeroesTests.swift */ = {isa = PBXFileReference; lastKnownFileType = sourcecode.swift; path = HeroesTests.swift; sourceTree = "<group>"; };
		C1ECB4F223FC3A12000B931F /* Info.plist */ = {isa = PBXFileReference; lastKnownFileType = text.plist.xml; path = Info.plist; sourceTree = "<group>"; };
/* End PBXFileReference section */

/* Begin PBXFrameworksBuildPhase section */
		C1ECB4D323FC3A10000B931F /* Frameworks */ = {
			isa = PBXFrameworksBuildPhase;
			buildActionMask = 2147483647;
			files = (
			);
			runOnlyForDeploymentPostprocessing = 0;
		};
		C1ECB4E923FC3A12000B931F /* Frameworks */ = {
			isa = PBXFrameworksBuildPhase;
			buildActionMask = 2147483647;
			files = (
			);
			runOnlyForDeploymentPostprocessing = 0;
		};
/* End PBXFrameworksBuildPhase section */

/* Begin PBXGroup section */
		C1ECB4CD23FC3A10000B931F = {
			isa = PBXGroup;
			children = (
				C1ECB4D823FC3A10000B931F /* Heroes */,
				C1ECB4EF23FC3A12000B931F /* HeroesTests */,
				C1ECB4D723FC3A10000B931F /* Products */,
			);
			sourceTree = "<group>";
		};
		C1ECB4D723FC3A10000B931F /* Products */ = {
			isa = PBXGroup;
			children = (
				C1ECB4D623FC3A10000B931F /* Heroes.app */,
				C1ECB4EC23FC3A12000B931F /* HeroesTests.xctest */,
			);
			name = Products;
			sourceTree = "<group>";
		};
		C1ECB4D823FC3A10000B931F /* Heroes */ = {
			isa = PBXGroup;
			children = (
				C1ECB4D923FC3A10000B931F /* AppDelegate.swift */,
				C1ECB4DB23FC3A10000B931F /* SceneDelegate.swift */,
				C1ECB4DD23FC3A10000B931F /* ViewController.swift */,
				C1ECB4DF23FC3A10000B931F /* Main.storyboard */,
				C1ECB4E223FC3A12000B931F /* Assets.xcassets */,
				C1ECB4E423FC3A12000B931F /* LaunchScreen.storyboard */,
				C1ECB4E723FC3A12000B931F /* Info.plist */,
			);
			path = Heroes;
			sourceTree = "<group>";
		};
		C1ECB4EF23FC3A12000B931F /* HeroesTests */ = {
			isa = PBXGroup;
			children = (
				C1ECB4F023FC3A12000B931F /* HeroesTests.swift */,
				C1ECB4F223FC3A12000B931F /* Info.plist */,
			);
			path = HeroesTests;
			sourceTree = "<group>";
		};
/* End PBXGroup section */

/* Begin PBXNativeTarget section */
		C1ECB4D523FC3A10000B931F /* Heroes */ = {
			isa = PBXNativeTarget;
			buildConfigurationList = C1ECB4F523FC3A12000B931F /* Build configuration list for PBXNativeTarget "Heroes" */;
			buildPhases = (
				C1ECB4D223FC3A10000B931F /* Sources */,
				C1ECB4D323FC3A10000B931F /* Frameworks */,
				C1ECB4D423FC3A10000B931F /* Resources */,
			);
			buildRules = (
			);
			dependencies = (
			);
			name = Heroes;
			productName = Heroes;
			productReference = C1ECB4D623FC3A10000B931F /* Heroes.app */;
			productType = "com.apple.product-type.application";
		};
		C1ECB4EB23FC3A12000B931F /* HeroesTests */ = {
			isa = PBXNativeTarget;
			buildConfigurationList = C1ECB4F823FC3A12000B931F /* Build configuration list for PBXNativeTarget "HeroesTests" */;
			buildPhases = (
				C1ECB4E823FC3A12000B931F /* Sources */,
				C1ECB4E923FC3A12000B931F /* Frameworks */,
				C1ECB4EA23FC3A12000B931F /* Resources */,
			);
			buildRules = (
			);
			dependencies = (
				C1ECB4EE23FC3A12000B931F /* PBXTargetDependency */,
			);
			name = HeroesTests;
			productName = HeroesTests;
			productReference = C1ECB4EC23FC3A12000B931F /* HeroesTests.xctest */;
			productType = "com.apple.product-type.bundle.unit-test";
		};
/* End PBXNativeTarget section */

/* Begin PBXProject section */
		C1ECB4CE23FC3A10000B931F /* Project object */ = {
			isa = PBXProject;
			attributes = {
				LastSwiftUpdateCheck = 1100;
				LastUpgradeCheck = 1100;
				ORGANIZATIONNAME = "Luiz Henrique";
				TargetAttributes = {
					C1ECB4D523FC3A10000B931F = {
						CreatedOnToolsVersion = 11.0;
					};
					C1ECB4EB23FC3A12000B931F = {
						CreatedOnToolsVersion = 11.0;
						TestTargetID = C1ECB4D523FC3A10000B931F;
					};
				};
			};
			buildConfigurationList = C1ECB4D123FC3A10000B931F /* Build configuration list for PBXProject "Heroes" */;
			compatibilityVersion = "Xcode 9.3";
			developmentRegion = en;
			hasScannedForEncodings = 0;
			knownRegions = (
				en,
				Base,
			);
			mainGroup = C1ECB4CD23FC3A10000B931F;
			productRefGroup = C1ECB4D723FC3A10000B931F /* Products */;
			projectDirPath = "";
			projectRoot = "";
			targets = (
				C1ECB4D523FC3A10000B931F /* Heroes */,
				C1ECB4EB23FC3A12000B931F /* HeroesTests */,
			);
		};
/* End PBXProject section */

/* Begin PBXResourcesBuildPhase section */
		C1ECB4D423FC3A10000B931F /* Resources */ = {
			isa = PBXResourcesBuildPhase;
			buildActionMask = 2147483647;
			files = (
				C1ECB4E623FC3A12000B931F /* LaunchScreen.storyboard in Resources */,
				C1ECB4E323FC3A12000B931F /* Assets.xcassets in Resources */,
				C1ECB4E123FC3A10000B931F /* Main.storyboard in Resources */,
			);
			runOnlyForDeploymentPostprocessing = 0;
		};
		C1ECB4EA23FC3A12000B931F /* Resources */ = {
			isa = PBXResourcesBuildPhase;
			buildActionMask = 2147483647;
			files = (
			);
			runOnlyForDeploymentPostprocessing = 0;
		};
/* End PBXResourcesBuildPhase section */

/* Begin PBXSourcesBuildPhase section */
		C1ECB4D223FC3A10000B931F /* Sources */ = {
			isa = PBXSourcesBuildPhase;
			buildActionMask = 2147483647;
			files = (
				C1ECB4DE23FC3A10000B931F /* ViewController.swift in Sources */,
				C1ECB4DA23FC3A10000B931F /* AppDelegate.swift in Sources */,
				C1ECB4DC23FC3A10000B931F /* SceneDelegate.swift in Sources */,
			);
			runOnlyForDeploymentPostprocessing = 0;
		};
		C1ECB4E823FC3A12000B931F /* Sources */ = {
			isa = PBXSourcesBuildPhase;
			buildActionMask = 2147483647;
			files = (
				C1ECB4F123FC3A12000B931F /* HeroesTests.swift in Sources */,
			);
			runOnlyForDeploymentPostprocessing = 0;
		};
/* End PBXSourcesBuildPhase section */

/* Begin PBXTargetDependency section */
		C1ECB4EE23FC3A12000B931F /* PBXTargetDependency */ = {
			isa = PBXTargetDependency;
			target = C1ECB4D523FC3A10000B931F /* Heroes */;
			targetProxy = C1ECB4ED23FC3A12000B931F /* PBXContainerItemProxy */;
		};
/* End PBXTargetDependency section */

/* Begin PBXVariantGroup section */
		C1ECB4DF23FC3A10000B931F /* Main.storyboard */ = {
			isa = PBXVariantGroup;
			children = (
				C1ECB4E023FC3A10000B931F /* Base */,
			);
			name = Main.storyboard;
			sourceTree = "<group>";
		};
		C1ECB4E423FC3A12000B931F /* LaunchScreen.storyboard */ = {
			isa = PBXVariantGroup;
			children = (
				C1ECB4E523FC3A12000B931F /* Base */,
			);
			name = LaunchScreen.storyboard;
			sourceTree = "<group>";
		};
/* End PBXVariantGroup section */

/* Begin XCBuildConfiguration section */
		C1ECB4F323FC3A12000B931F /* Debug */ = {
			isa = XCBuildConfiguration;
			buildSettings = {
				ALWAYS_SEARCH_USER_PATHS = NO;
				CLANG_ANALYZER_NONNULL = YES;
				CLANG_ANALYZER_NUMBER_OBJECT_CONVERSION = YES_AGGRESSIVE;
				CLANG_CXX_LANGUAGE_STANDARD = "gnu++14";
				CLANG_CXX_LIBRARY = "libc++";
				CLANG_ENABLE_MODULES = YES;
				CLANG_ENABLE_OBJC_ARC = YES;
				CLANG_ENABLE_OBJC_WEAK = YES;
				CLANG_WARN_BLOCK_CAPTURE_AUTORELEASING = YES;
				CLANG_WARN_BOOL_CONVERSION = YES;
				CLANG_WARN_COMMA = YES;
				CLANG_WARN_CONSTANT_CONVERSION = YES;
				CLANG_WARN_DEPRECATED_OBJC_IMPLEMENTATIONS = YES;
				CLANG_WARN_DIRECT_OBJC_ISA_USAGE = YES_ERROR;
				CLANG_WARN_DOCUMENTATION_COMMENTS = YES;
				CLANG_WARN_EMPTY_BODY = YES;
				CLANG_WARN_ENUM_CONVERSION = YES;
				CLANG_WARN_INFINITE_RECURSION = YES;
				CLANG_WARN_INT_CONVERSION = YES;
				CLANG_WARN_NON_LITERAL_NULL_CONVERSION = YES;
				CLANG_WARN_OBJC_IMPLICIT_RETAIN_SELF = YES;
				CLANG_WARN_OBJC_LITERAL_CONVERSION = YES;
				CLANG_WARN_OBJC_ROOT_CLASS = YES_ERROR;
				CLANG_WARN_RANGE_LOOP_ANALYSIS = YES;
				CLANG_WARN_STRICT_PROTOTYPES = YES;
				CLANG_WARN_SUSPICIOUS_MOVE = YES;
				CLANG_WARN_UNGUARDED_AVAILABILITY = YES_AGGRESSIVE;
				CLANG_WARN_UNREACHABLE_CODE = YES;
				CLANG_WARN__DUPLICATE_METHOD_MATCH = YES;
				COPY_PHASE_STRIP = NO;
				DEBUG_INFORMATION_FORMAT = dwarf;
				ENABLE_STRICT_OBJC_MSGSEND = YES;
				ENABLE_TESTABILITY = YES;
				GCC_C_LANGUAGE_STANDARD = gnu11;
				GCC_DYNAMIC_NO_PIC = NO;
				GCC_NO_COMMON_BLOCKS = YES;
				GCC_OPTIMIZATION_LEVEL = 0;
				GCC_PREPROCESSOR_DEFINITIONS = (
					"DEBUG=1",
					"$(inherited)",
				);
				GCC_WARN_64_TO_32_BIT_CONVERSION = YES;
				GCC_WARN_ABOUT_RETURN_TYPE = YES_ERROR;
				GCC_WARN_UNDECLARED_SELECTOR = YES;
				GCC_WARN_UNINITIALIZED_AUTOS = YES_AGGRESSIVE;
				GCC_WARN_UNUSED_FUNCTION = YES;
				GCC_WARN_UNUSED_VARIABLE = YES;
				IPHONEOS_DEPLOYMENT_TARGET = 13.0;
				MTL_ENABLE_DEBUG_INFO = INCLUDE_SOURCE;
				MTL_FAST_MATH = YES;
				ONLY_ACTIVE_ARCH = YES;
				SDKROOT = iphoneos;
				SWIFT_ACTIVE_COMPILATION_CONDITIONS = DEBUG;
				SWIFT_OPTIMIZATION_LEVEL = "-Onone";
			};
			name = Debug;
		};
		C1ECB4F423FC3A12000B931F /* Release */ = {
			isa = XCBuildConfiguration;
			buildSettings = {
				ALWAYS_SEARCH_USER_PATHS = NO;
				CLANG_ANALYZER_NONNULL = YES;
				CLANG_ANALYZER_NUMBER_OBJECT_CONVERSION = YES_AGGRESSIVE;
				CLANG_CXX_LANGUAGE_STANDARD = "gnu++14";
				CLANG_CXX_LIBRARY = "libc++";
				CLANG_ENABLE_MODULES = YES;
				CLANG_ENABLE_OBJC_ARC = YES;
				CLANG_ENABLE_OBJC_WEAK = YES;
				CLANG_WARN_BLOCK_CAPTURE_AUTORELEASING = YES;
				CLANG_WARN_BOOL_CONVERSION = YES;
				CLANG_WARN_COMMA = YES;
				CLANG_WARN_CONSTANT_CONVERSION = YES;
				CLANG_WARN_DEPRECATED_OBJC_IMPLEMENTATIONS = YES;
				CLANG_WARN_DIRECT_OBJC_ISA_USAGE = YES_ERROR;
				CLANG_WARN_DOCUMENTATION_COMMENTS = YES;
				CLANG_WARN_EMPTY_BODY = YES;
				CLANG_WARN_ENUM_CONVERSION = YES;
				CLANG_WARN_INFINITE_RECURSION = YES;
				CLANG_WARN_INT_CONVERSION = YES;
				CLANG_WARN_NON_LITERAL_NULL_CONVERSION = YES;
				CLANG_WARN_OBJC_IMPLICIT_RETAIN_SELF = YES;
				CLANG_WARN_OBJC_LITERAL_CONVERSION = YES;
				CLANG_WARN_OBJC_ROOT_CLASS = YES_ERROR;
				CLANG_WARN_RANGE_LOOP_ANALYSIS = YES;
				CLANG_WARN_STRICT_PROTOTYPES = YES;
				CLANG_WARN_SUSPICIOUS_MOVE = YES;
				CLANG_WARN_UNGUARDED_AVAILABILITY = YES_AGGRESSIVE;
				CLANG_WARN_UNREACHABLE_CODE = YES;
				CLANG_WARN__DUPLICATE_METHOD_MATCH = YES;
				COPY_PHASE_STRIP = NO;
				DEBUG_INFORMATION_FORMAT = "dwarf-with-dsym";
				ENABLE_NS_ASSERTIONS = NO;
				ENABLE_STRICT_OBJC_MSGSEND = YES;
				GCC_C_LANGUAGE_STANDARD = gnu11;
				GCC_NO_COMMON_BLOCKS = YES;
				GCC_WARN_64_TO_32_BIT_CONVERSION = YES;
				GCC_WARN_ABOUT_RETURN_TYPE = YES_ERROR;
				GCC_WARN_UNDECLARED_SELECTOR = YES;
				GCC_WARN_UNINITIALIZED_AUTOS = YES_AGGRESSIVE;
				GCC_WARN_UNUSED_FUNCTION = YES;
				GCC_WARN_UNUSED_VARIABLE = YES;
				IPHONEOS_DEPLOYMENT_TARGET = 13.0;
				MTL_ENABLE_DEBUG_INFO = NO;
				MTL_FAST_MATH = YES;
				SDKROOT = iphoneos;
				SWIFT_COMPILATION_MODE = wholemodule;
				SWIFT_OPTIMIZATION_LEVEL = "-O";
				VALIDATE_PRODUCT = YES;
			};
			name = Release;
		};
		C1ECB4F623FC3A12000B931F /* Debug */ = {
			isa = XCBuildConfiguration;
			buildSettings = {
				ASSETCATALOG_COMPILER_APPICON_NAME = AppIcon;
				CODE_SIGN_STYLE = Automatic;
				DEVELOPMENT_TEAM = QMK6FFKPUV;
				INFOPLIST_FILE = Heroes/Info.plist;
				LD_RUNPATH_SEARCH_PATHS = (
					"$(inherited)",
					"@executable_path/Frameworks",
				);
				PRODUCT_BUNDLE_IDENTIFIER = com.luiz.sousa.Heroes;
				PRODUCT_NAME = "$(TARGET_NAME)";
				SWIFT_VERSION = 5.0;
				TARGETED_DEVICE_FAMILY = "1,2";
			};
			name = Debug;
		};
		C1ECB4F723FC3A12000B931F /* Release */ = {
			isa = XCBuildConfiguration;
			buildSettings = {
				ASSETCATALOG_COMPILER_APPICON_NAME = AppIcon;
				CODE_SIGN_STYLE = Automatic;
				DEVELOPMENT_TEAM = QMK6FFKPUV;
				INFOPLIST_FILE = Heroes/Info.plist;
				LD_RUNPATH_SEARCH_PATHS = (
					"$(inherited)",
					"@executable_path/Frameworks",
				);
				PRODUCT_BUNDLE_IDENTIFIER = com.luiz.sousa.Heroes;
				PRODUCT_NAME = "$(TARGET_NAME)";
				SWIFT_VERSION = 5.0;
				TARGETED_DEVICE_FAMILY = "1,2";
			};
			name = Release;
		};
		C1ECB4F923FC3A12000B931F /* Debug */ = {
			isa = XCBuildConfiguration;
			buildSettings = {
				ALWAYS_EMBED_SWIFT_STANDARD_LIBRARIES = YES;
				BUNDLE_LOADER = "$(TEST_HOST)";
				CODE_SIGN_STYLE = Automatic;
				DEVELOPMENT_TEAM = QMK6FFKPUV;
				INFOPLIST_FILE = HeroesTests/Info.plist;
				IPHONEOS_DEPLOYMENT_TARGET = 13.0;
				LD_RUNPATH_SEARCH_PATHS = (
					"$(inherited)",
					"@executable_path/Frameworks",
					"@loader_path/Frameworks",
				);
				PRODUCT_BUNDLE_IDENTIFIER = com.luiz.sousa.HeroesTests;
				PRODUCT_NAME = "$(TARGET_NAME)";
				SWIFT_VERSION = 5.0;
				TARGETED_DEVICE_FAMILY = "1,2";
				TEST_HOST = "$(BUILT_PRODUCTS_DIR)/Heroes.app/Heroes";
			};
			name = Debug;
		};
		C1ECB4FA23FC3A12000B931F /* Release */ = {
			isa = XCBuildConfiguration;
			buildSettings = {
				ALWAYS_EMBED_SWIFT_STANDARD_LIBRARIES = YES;
				BUNDLE_LOADER = "$(TEST_HOST)";
				CODE_SIGN_STYLE = Automatic;
				DEVELOPMENT_TEAM = QMK6FFKPUV;
				INFOPLIST_FILE = HeroesTests/Info.plist;
				IPHONEOS_DEPLOYMENT_TARGET = 13.0;
				LD_RUNPATH_SEARCH_PATHS = (
					"$(inherited)",
					"@executable_path/Frameworks",
					"@loader_path/Frameworks",
				);
				PRODUCT_BUNDLE_IDENTIFIER = com.luiz.sousa.HeroesTests;
				PRODUCT_NAME = "$(TARGET_NAME)";
				SWIFT_VERSION = 5.0;
				TARGETED_DEVICE_FAMILY = "1,2";
				TEST_HOST = "$(BUILT_PRODUCTS_DIR)/Heroes.app/Heroes";
			};
			name = Release;
		};
/* End XCBuildConfiguration section */

/* Begin XCConfigurationList section */
		C1ECB4D123FC3A10000B931F /* Build configuration list for PBXProject "Heroes" */ = {
			isa = XCConfigurationList;
			buildConfigurations = (
				C1ECB4F323FC3A12000B931F /* Debug */,
				C1ECB4F423FC3A12000B931F /* Release */,
			);
			defaultConfigurationIsVisible = 0;
			defaultConfigurationName = Release;
		};
		C1ECB4F523FC3A12000B931F /* Build configuration list for PBXNativeTarget "Heroes" */ = {
			isa = XCConfigurationList;
			buildConfigurations = (
				C1ECB4F623FC3A12000B931F /* Debug */,
				C1ECB4F723FC3A12000B931F /* Release */,
			);
			defaultConfigurationIsVisible = 0;
			defaultConfigurationName = Release;
		};
		C1ECB4F823FC3A12000B931F /* Build configuration list for PBXNativeTarget "HeroesTests" */ = {
			isa = XCConfigurationList;
			buildConfigurations = (
				C1ECB4F923FC3A12000B931F /* Debug */,
				C1ECB4FA23FC3A12000B931F /* Release */,
			);
			defaultConfigurationIsVisible = 0;
			defaultConfigurationName = Release;
		};
/* End XCConfigurationList section */
	};
	rootObject = C1ECB4CE23FC3A10000B931F /* Project object */;
}
